// !$*UTF8*$!
{
	archiveVersion = 1;
	classes = {
	};
	objectVersion = 50;
	objects = {

/* Begin PBXBuildFile section */
		CA00914E23D4672D00142E9B /* AppDelegate.swift in Sources */ = {isa = PBXBuildFile; fileRef = CA00914D23D4672D00142E9B /* AppDelegate.swift */; };
		CA00915023D4672D00142E9B /* SceneDelegate.swift in Sources */ = {isa = PBXBuildFile; fileRef = CA00914F23D4672D00142E9B /* SceneDelegate.swift */; };
		CA00915523D4672D00142E9B /* Main.storyboard in Resources */ = {isa = PBXBuildFile; fileRef = CA00915323D4672D00142E9B /* Main.storyboard */; };
		CA00915823D4672D00142E9B /* MyMusicBook.xcdatamodeld in Sources */ = {isa = PBXBuildFile; fileRef = CA00915623D4672D00142E9B /* MyMusicBook.xcdatamodeld */; };
		CA00915A23D4672D00142E9B /* Assets.xcassets in Resources */ = {isa = PBXBuildFile; fileRef = CA00915923D4672D00142E9B /* Assets.xcassets */; };
		CA00915D23D4672D00142E9B /* LaunchScreen.storyboard in Resources */ = {isa = PBXBuildFile; fileRef = CA00915B23D4672D00142E9B /* LaunchScreen.storyboard */; };
		CA00916523D4681B00142E9B /* RepertoireViewController.swift in Sources */ = {isa = PBXBuildFile; fileRef = CA00916423D4681B00142E9B /* RepertoireViewController.swift */; };
		CA00916723D4685B00142E9B /* PracticeViewController.swift in Sources */ = {isa = PBXBuildFile; fileRef = CA00916623D4685B00142E9B /* PracticeViewController.swift */; };
		CA0287E723DAE68F000EC18A /* PracticeDetailsVC.swift in Sources */ = {isa = PBXBuildFile; fileRef = CA0287E623DAE68F000EC18A /* PracticeDetailsVC.swift */; };
		CA1E480023D5F807004DD8A6 /* RepDetailsViewController.swift in Sources */ = {isa = PBXBuildFile; fileRef = CA1E47FF23D5F807004DD8A6 /* RepDetailsViewController.swift */; };
		CA2ADC3523D6360800F12D46 /* RepertoireCell.swift in Sources */ = {isa = PBXBuildFile; fileRef = CA2ADC3423D6360800F12D46 /* RepertoireCell.swift */; };
		CA7C150F23DB4B3000373718 /* GlossaryCell.swift in Sources */ = {isa = PBXBuildFile; fileRef = CA7C150E23DB4B3000373718 /* GlossaryCell.swift */; };
		CA7CB25223DAF54A00D755A9 /* PracticeCell.swift in Sources */ = {isa = PBXBuildFile; fileRef = CA7CB25123DAF54A00D755A9 /* PracticeCell.swift */; };
		CAB52BAD23DA31870008ECE2 /* GlossaryViewController.swift in Sources */ = {isa = PBXBuildFile; fileRef = CAB52BAC23DA31870008ECE2 /* GlossaryViewController.swift */; };
		CAB52BAF23DA382A0008ECE2 /* GlossaryDetailsVC.swift in Sources */ = {isa = PBXBuildFile; fileRef = CAB52BAE23DA382A0008ECE2 /* GlossaryDetailsVC.swift */; };
/* End PBXBuildFile section */

/* Begin PBXFileReference section */
		CA00914A23D4672D00142E9B /* My Music Book.app */ = {isa = PBXFileReference; explicitFileType = wrapper.application; includeInIndex = 0; path = "My Music Book.app"; sourceTree = BUILT_PRODUCTS_DIR; };
		CA00914D23D4672D00142E9B /* AppDelegate.swift */ = {isa = PBXFileReference; lastKnownFileType = sourcecode.swift; path = AppDelegate.swift; sourceTree = "<group>"; };
		CA00914F23D4672D00142E9B /* SceneDelegate.swift */ = {isa = PBXFileReference; lastKnownFileType = sourcecode.swift; path = SceneDelegate.swift; sourceTree = "<group>"; };
		CA00915423D4672D00142E9B /* Base */ = {isa = PBXFileReference; lastKnownFileType = file.storyboard; name = Base; path = Base.lproj/Main.storyboard; sourceTree = "<group>"; };
		CA00915723D4672D00142E9B /* MyMusicBook.xcdatamodel */ = {isa = PBXFileReference; lastKnownFileType = wrapper.xcdatamodel; path = MyMusicBook.xcdatamodel; sourceTree = "<group>"; };
		CA00915923D4672D00142E9B /* Assets.xcassets */ = {isa = PBXFileReference; lastKnownFileType = folder.assetcatalog; path = Assets.xcassets; sourceTree = "<group>"; };
		CA00915C23D4672D00142E9B /* Base */ = {isa = PBXFileReference; lastKnownFileType = file.storyboard; name = Base; path = Base.lproj/LaunchScreen.storyboard; sourceTree = "<group>"; };
		CA00915E23D4672D00142E9B /* Info.plist */ = {isa = PBXFileReference; lastKnownFileType = text.plist.xml; path = Info.plist; sourceTree = "<group>"; };
		CA00916423D4681B00142E9B /* RepertoireViewController.swift */ = {isa = PBXFileReference; lastKnownFileType = sourcecode.swift; path = RepertoireViewController.swift; sourceTree = "<group>"; };
		CA00916623D4685B00142E9B /* PracticeViewController.swift */ = {isa = PBXFileReference; lastKnownFileType = sourcecode.swift; path = PracticeViewController.swift; sourceTree = "<group>"; };
		CA0287E623DAE68F000EC18A /* PracticeDetailsVC.swift */ = {isa = PBXFileReference; lastKnownFileType = sourcecode.swift; name = PracticeDetailsVC.swift; path = "MyMusicBook/View Controllers/PracticeDetailsVC.swift"; sourceTree = SOURCE_ROOT; };
		CA1E47FF23D5F807004DD8A6 /* RepDetailsViewController.swift */ = {isa = PBXFileReference; lastKnownFileType = sourcecode.swift; path = RepDetailsViewController.swift; sourceTree = "<group>"; };
		CA2ADC3423D6360800F12D46 /* RepertoireCell.swift */ = {isa = PBXFileReference; lastKnownFileType = sourcecode.swift; name = RepertoireCell.swift; path = "MyMusicBook/View Controllers/Repertoire Tab VCs/RepertoireCell.swift"; sourceTree = SOURCE_ROOT; };
		CA7C150E23DB4B3000373718 /* GlossaryCell.swift */ = {isa = PBXFileReference; lastKnownFileType = sourcecode.swift; name = GlossaryCell.swift; path = "MyMusicBook/View Controllers/Glossary Tab VCs/GlossaryCell.swift"; sourceTree = SOURCE_ROOT; };
		CA7CB25123DAF54A00D755A9 /* PracticeCell.swift */ = {isa = PBXFileReference; lastKnownFileType = sourcecode.swift; name = PracticeCell.swift; path = MyMusicBook/PracticeCell.swift; sourceTree = SOURCE_ROOT; };
		CAB52BAC23DA31870008ECE2 /* GlossaryViewController.swift */ = {isa = PBXFileReference; lastKnownFileType = sourcecode.swift; name = GlossaryViewController.swift; path = MyMusicBook/GlossaryViewController.swift; sourceTree = SOURCE_ROOT; };
		CAB52BAE23DA382A0008ECE2 /* GlossaryDetailsVC.swift */ = {isa = PBXFileReference; lastKnownFileType = sourcecode.swift; name = GlossaryDetailsVC.swift; path = MyMusicBook/GlossaryDetailsVC.swift; sourceTree = SOURCE_ROOT; };
/* End PBXFileReference section */

/* Begin PBXFrameworksBuildPhase section */
		CA00914723D4672D00142E9B /* Frameworks */ = {
			isa = PBXFrameworksBuildPhase;
			buildActionMask = 2147483647;
			files = (
			);
			runOnlyForDeploymentPostprocessing = 0;
		};
/* End PBXFrameworksBuildPhase section */

/* Begin PBXGroup section */
		CA00914123D4672D00142E9B = {
			isa = PBXGroup;
			children = (
				CA00914C23D4672D00142E9B /* MyMusicBook */,
				CA00914B23D4672D00142E9B /* Products */,
			);
			sourceTree = "<group>";
		};
		CA00914B23D4672D00142E9B /* Products */ = {
			isa = PBXGroup;
			children = (
				CA00914A23D4672D00142E9B /* My Music Book.app */,
			);
			name = Products;
			sourceTree = "<group>";
		};
		CA00914C23D4672D00142E9B /* MyMusicBook */ = {
			isa = PBXGroup;
			children = (
				CA00914D23D4672D00142E9B /* AppDelegate.swift */,
				CA00914F23D4672D00142E9B /* SceneDelegate.swift */,
				CA00916823D4687700142E9B /* View Controllers */,
				CA00915323D4672D00142E9B /* Main.storyboard */,
				CA00915923D4672D00142E9B /* Assets.xcassets */,
				CA00915B23D4672D00142E9B /* LaunchScreen.storyboard */,
				CA00915E23D4672D00142E9B /* Info.plist */,
				CA00915623D4672D00142E9B /* MyMusicBook.xcdatamodeld */,
			);
			path = MyMusicBook;
			sourceTree = "<group>";
		};
		CA00916823D4687700142E9B /* View Controllers */ = {
			isa = PBXGroup;
			children = (
				CA7CB25123DAF54A00D755A9 /* PracticeCell.swift */,
				CA0287E623DAE68F000EC18A /* PracticeDetailsVC.swift */,
				CA00916623D4685B00142E9B /* PracticeViewController.swift */,
				CA3E476623DA2DF200EAB14F /* Glossary Tab VCs */,
				CA6DF1A623D60D26005358C6 /* Repertoire Tab VCs */,
			);
			path = "View Controllers";
			sourceTree = "<group>";
		};
		CA3E476623DA2DF200EAB14F /* Glossary Tab VCs */ = {
			isa = PBXGroup;
			children = (
				CAB52BAE23DA382A0008ECE2 /* GlossaryDetailsVC.swift */,
				CAB52BAC23DA31870008ECE2 /* GlossaryViewController.swift */,
				CA7C150E23DB4B3000373718 /* GlossaryCell.swift */,
			);
			path = "Glossary Tab VCs";
			sourceTree = "<group>";
		};
		CA6DF1A623D60D26005358C6 /* Repertoire Tab VCs */ = {
			isa = PBXGroup;
			children = (
				CA00916423D4681B00142E9B /* RepertoireViewController.swift */,
				CA1E47FF23D5F807004DD8A6 /* RepDetailsViewController.swift */,
				CA2ADC3423D6360800F12D46 /* RepertoireCell.swift */,
			);
			path = "Repertoire Tab VCs";
			sourceTree = "<group>";
		};
/* End PBXGroup section */

/* Begin PBXNativeTarget section */
		CA00914923D4672D00142E9B /* MyMusicBook */ = {
			isa = PBXNativeTarget;
			buildConfigurationList = CA00916123D4672D00142E9B /* Build configuration list for PBXNativeTarget "MyMusicBook" */;
			buildPhases = (
				CA00914623D4672D00142E9B /* Sources */,
				CA00914723D4672D00142E9B /* Frameworks */,
				CA00914823D4672D00142E9B /* Resources */,
			);
			buildRules = (
			);
			dependencies = (
			);
			name = MyMusicBook;
			productName = MyMusicBook;
			productReference = CA00914A23D4672D00142E9B /* My Music Book.app */;
			productType = "com.apple.product-type.application";
		};
/* End PBXNativeTarget section */

/* Begin PBXProject section */
		CA00914223D4672D00142E9B /* Project object */ = {
			isa = PBXProject;
			attributes = {
				LastSwiftUpdateCheck = 1130;
				LastUpgradeCheck = 1130;
				ORGANIZATIONNAME = "MUSTAFA DOĞUŞ";
				TargetAttributes = {
					CA00914923D4672D00142E9B = {
						CreatedOnToolsVersion = 11.3;
					};
				};
			};
			buildConfigurationList = CA00914523D4672D00142E9B /* Build configuration list for PBXProject "MyMusicBook" */;
			compatibilityVersion = "Xcode 9.3";
			developmentRegion = en;
			hasScannedForEncodings = 0;
			knownRegions = (
				en,
				Base,
			);
			mainGroup = CA00914123D4672D00142E9B;
			productRefGroup = CA00914B23D4672D00142E9B /* Products */;
			projectDirPath = "";
			projectRoot = "";
			targets = (
				CA00914923D4672D00142E9B /* MyMusicBook */,
			);
		};
/* End PBXProject section */

/* Begin PBXResourcesBuildPhase section */
		CA00914823D4672D00142E9B /* Resources */ = {
			isa = PBXResourcesBuildPhase;
			buildActionMask = 2147483647;
			files = (
				CA00915D23D4672D00142E9B /* LaunchScreen.storyboard in Resources */,
				CA00915A23D4672D00142E9B /* Assets.xcassets in Resources */,
				CA00915523D4672D00142E9B /* Main.storyboard in Resources */,
			);
			runOnlyForDeploymentPostprocessing = 0;
		};
/* End PBXResourcesBuildPhase section */

/* Begin PBXSourcesBuildPhase section */
		CA00914623D4672D00142E9B /* Sources */ = {
			isa = PBXSourcesBuildPhase;
			buildActionMask = 2147483647;
			files = (
				CA00914E23D4672D00142E9B /* AppDelegate.swift in Sources */,
				CA1E480023D5F807004DD8A6 /* RepDetailsViewController.swift in Sources */,
				CAB52BAD23DA31870008ECE2 /* GlossaryViewController.swift in Sources */,
				CAB52BAF23DA382A0008ECE2 /* GlossaryDetailsVC.swift in Sources */,
				CA0287E723DAE68F000EC18A /* PracticeDetailsVC.swift in Sources */,
				CA7C150F23DB4B3000373718 /* GlossaryCell.swift in Sources */,
				CA7CB25223DAF54A00D755A9 /* PracticeCell.swift in Sources */,
				CA2ADC3523D6360800F12D46 /* RepertoireCell.swift in Sources */,
				CA00916523D4681B00142E9B /* RepertoireViewController.swift in Sources */,
				CA00915823D4672D00142E9B /* MyMusicBook.xcdatamodeld in Sources */,
				CA00916723D4685B00142E9B /* PracticeViewController.swift in Sources */,
				CA00915023D4672D00142E9B /* SceneDelegate.swift in Sources */,
			);
			runOnlyForDeploymentPostprocessing = 0;
		};
/* End PBXSourcesBuildPhase section */

/* Begin PBXVariantGroup section */
		CA00915323D4672D00142E9B /* Main.storyboard */ = {
			isa = PBXVariantGroup;
			children = (
				CA00915423D4672D00142E9B /* Base */,
			);
			name = Main.storyboard;
			sourceTree = "<group>";
		};
		CA00915B23D4672D00142E9B /* LaunchScreen.storyboard */ = {
			isa = PBXVariantGroup;
			children = (
				CA00915C23D4672D00142E9B /* Base */,
			);
			name = LaunchScreen.storyboard;
			sourceTree = "<group>";
		};
/* End PBXVariantGroup section */

/* Begin XCBuildConfiguration section */
		CA00915F23D4672D00142E9B /* Debug */ = {
			isa = XCBuildConfiguration;
			buildSettings = {
				ALWAYS_SEARCH_USER_PATHS = NO;
				CLANG_ANALYZER_NONNULL = YES;
				CLANG_ANALYZER_NUMBER_OBJECT_CONVERSION = YES_AGGRESSIVE;
				CLANG_CXX_LANGUAGE_STANDARD = "gnu++14";
				CLANG_CXX_LIBRARY = "libc++";
				CLANG_ENABLE_MODULES = YES;
				CLANG_ENABLE_OBJC_ARC = YES;
				CLANG_ENABLE_OBJC_WEAK = YES;
				CLANG_WARN_BLOCK_CAPTURE_AUTORELEASING = YES;
				CLANG_WARN_BOOL_CONVERSION = YES;
				CLANG_WARN_COMMA = YES;
				CLANG_WARN_CONSTANT_CONVERSION = YES;
				CLANG_WARN_DEPRECATED_OBJC_IMPLEMENTATIONS = YES;
				CLANG_WARN_DIRECT_OBJC_ISA_USAGE = YES_ERROR;
				CLANG_WARN_DOCUMENTATION_COMMENTS = YES;
				CLANG_WARN_EMPTY_BODY = YES;
				CLANG_WARN_ENUM_CONVERSION = YES;
				CLANG_WARN_INFINITE_RECURSION = YES;
				CLANG_WARN_INT_CONVERSION = YES;
				CLANG_WARN_NON_LITERAL_NULL_CONVERSION = YES;
				CLANG_WARN_OBJC_IMPLICIT_RETAIN_SELF = YES;
				CLANG_WARN_OBJC_LITERAL_CONVERSION = YES;
				CLANG_WARN_OBJC_ROOT_CLASS = YES_ERROR;
				CLANG_WARN_RANGE_LOOP_ANALYSIS = YES;
				CLANG_WARN_STRICT_PROTOTYPES = YES;
				CLANG_WARN_SUSPICIOUS_MOVE = YES;
				CLANG_WARN_UNGUARDED_AVAILABILITY = YES_AGGRESSIVE;
				CLANG_WARN_UNREACHABLE_CODE = YES;
				CLANG_WARN__DUPLICATE_METHOD_MATCH = YES;
				COPY_PHASE_STRIP = NO;
				DEBUG_INFORMATION_FORMAT = dwarf;
				ENABLE_STRICT_OBJC_MSGSEND = YES;
				ENABLE_TESTABILITY = YES;
				GCC_C_LANGUAGE_STANDARD = gnu11;
				GCC_DYNAMIC_NO_PIC = NO;
				GCC_NO_COMMON_BLOCKS = YES;
				GCC_OPTIMIZATION_LEVEL = 0;
				GCC_PREPROCESSOR_DEFINITIONS = (
					"DEBUG=1",
					"$(inherited)",
				);
				GCC_WARN_64_TO_32_BIT_CONVERSION = YES;
				GCC_WARN_ABOUT_RETURN_TYPE = YES_ERROR;
				GCC_WARN_UNDECLARED_SELECTOR = YES;
				GCC_WARN_UNINITIALIZED_AUTOS = YES_AGGRESSIVE;
				GCC_WARN_UNUSED_FUNCTION = YES;
				GCC_WARN_UNUSED_VARIABLE = YES;
				IPHONEOS_DEPLOYMENT_TARGET = 13.2;
				MTL_ENABLE_DEBUG_INFO = INCLUDE_SOURCE;
				MTL_FAST_MATH = YES;
				ONLY_ACTIVE_ARCH = YES;
				SDKROOT = iphoneos;
				SWIFT_ACTIVE_COMPILATION_CONDITIONS = DEBUG;
				SWIFT_OPTIMIZATION_LEVEL = "-Onone";
			};
			name = Debug;
		};
		CA00916023D4672D00142E9B /* Release */ = {
			isa = XCBuildConfiguration;
			buildSettings = {
				ALWAYS_SEARCH_USER_PATHS = NO;
				CLANG_ANALYZER_NONNULL = YES;
				CLANG_ANALYZER_NUMBER_OBJECT_CONVERSION = YES_AGGRESSIVE;
				CLANG_CXX_LANGUAGE_STANDARD = "gnu++14";
				CLANG_CXX_LIBRARY = "libc++";
				CLANG_ENABLE_MODULES = YES;
				CLANG_ENABLE_OBJC_ARC = YES;
				CLANG_ENABLE_OBJC_WEAK = YES;
				CLANG_WARN_BLOCK_CAPTURE_AUTORELEASING = YES;
				CLANG_WARN_BOOL_CONVERSION = YES;
				CLANG_WARN_COMMA = YES;
				CLANG_WARN_CONSTANT_CONVERSION = YES;
				CLANG_WARN_DEPRECATED_OBJC_IMPLEMENTATIONS = YES;
				CLANG_WARN_DIRECT_OBJC_ISA_USAGE = YES_ERROR;
				CLANG_WARN_DOCUMENTATION_COMMENTS = YES;
				CLANG_WARN_EMPTY_BODY = YES;
				CLANG_WARN_ENUM_CONVERSION = YES;
				CLANG_WARN_INFINITE_RECURSION = YES;
				CLANG_WARN_INT_CONVERSION = YES;
				CLANG_WARN_NON_LITERAL_NULL_CONVERSION = YES;
				CLANG_WARN_OBJC_IMPLICIT_RETAIN_SELF = YES;
				CLANG_WARN_OBJC_LITERAL_CONVERSION = YES;
				CLANG_WARN_OBJC_ROOT_CLASS = YES_ERROR;
				CLANG_WARN_RANGE_LOOP_ANALYSIS = YES;
				CLANG_WARN_STRICT_PROTOTYPES = YES;
				CLANG_WARN_SUSPICIOUS_MOVE = YES;
				CLANG_WARN_UNGUARDED_AVAILABILITY = YES_AGGRESSIVE;
				CLANG_WARN_UNREACHABLE_CODE = YES;
				CLANG_WARN__DUPLICATE_METHOD_MATCH = YES;
				COPY_PHASE_STRIP = NO;
				DEBUG_INFORMATION_FORMAT = "dwarf-with-dsym";
				ENABLE_NS_ASSERTIONS = NO;
				ENABLE_STRICT_OBJC_MSGSEND = YES;
				GCC_C_LANGUAGE_STANDARD = gnu11;
				GCC_NO_COMMON_BLOCKS = YES;
				GCC_WARN_64_TO_32_BIT_CONVERSION = YES;
				GCC_WARN_ABOUT_RETURN_TYPE = YES_ERROR;
				GCC_WARN_UNDECLARED_SELECTOR = YES;
				GCC_WARN_UNINITIALIZED_AUTOS = YES_AGGRESSIVE;
				GCC_WARN_UNUSED_FUNCTION = YES;
				GCC_WARN_UNUSED_VARIABLE = YES;
				IPHONEOS_DEPLOYMENT_TARGET = 13.2;
				MTL_ENABLE_DEBUG_INFO = NO;
				MTL_FAST_MATH = YES;
				SDKROOT = iphoneos;
				SWIFT_COMPILATION_MODE = wholemodule;
				SWIFT_OPTIMIZATION_LEVEL = "-O";
				VALIDATE_PRODUCT = YES;
			};
			name = Release;
		};
		CA00916223D4672D00142E9B /* Debug */ = {
			isa = XCBuildConfiguration;
			buildSettings = {
				ASSETCATALOG_COMPILER_APPICON_NAME = AppIcon;
				CODE_SIGN_STYLE = Automatic;
				DEVELOPMENT_TEAM = Y74LK389KK;
				INFOPLIST_FILE = MyMusicBook/Info.plist;
				LD_RUNPATH_SEARCH_PATHS = (
					"$(inherited)",
					"@executable_path/Frameworks",
				);
				PRODUCT_BUNDLE_IDENTIFIER = personal.mdogus.MyMusicBook;
				PRODUCT_NAME = "My Music Book";
				SWIFT_VERSION = 5.0;
				TARGETED_DEVICE_FAMILY = "1,2";
			};
			name = Debug;
		};
		CA00916323D4672D00142E9B /* Release */ = {
			isa = XCBuildConfiguration;
			buildSettings = {
				ASSETCATALOG_COMPILER_APPICON_NAME = AppIcon;
				CODE_SIGN_STYLE = Automatic;
				DEVELOPMENT_TEAM = Y74LK389KK;
				INFOPLIST_FILE = MyMusicBook/Info.plist;
				LD_RUNPATH_SEARCH_PATHS = (
					"$(inherited)",
					"@executable_path/Frameworks",
				);
				PRODUCT_BUNDLE_IDENTIFIER = personal.mdogus.MyMusicBook;
				PRODUCT_NAME = "My Music Book";
				SWIFT_VERSION = 5.0;
				TARGETED_DEVICE_FAMILY = "1,2";
			};
			name = Release;
		};
/* End XCBuildConfiguration section */

/* Begin XCConfigurationList section */
		CA00914523D4672D00142E9B /* Build configuration list for PBXProject "MyMusicBook" */ = {
			isa = XCConfigurationList;
			buildConfigurations = (
				CA00915F23D4672D00142E9B /* Debug */,
				CA00916023D4672D00142E9B /* Release */,
			);
			defaultConfigurationIsVisible = 0;
			defaultConfigurationName = Release;
		};
		CA00916123D4672D00142E9B /* Build configuration list for PBXNativeTarget "MyMusicBook" */ = {
			isa = XCConfigurationList;
			buildConfigurations = (
				CA00916223D4672D00142E9B /* Debug */,
				CA00916323D4672D00142E9B /* Release */,
			);
			defaultConfigurationIsVisible = 0;
			defaultConfigurationName = Release;
		};
/* End XCConfigurationList section */

/* Begin XCVersionGroup section */
		CA00915623D4672D00142E9B /* MyMusicBook.xcdatamodeld */ = {
			isa = XCVersionGroup;
			children = (
				CA00915723D4672D00142E9B /* MyMusicBook.xcdatamodel */,
			);
			currentVersion = CA00915723D4672D00142E9B /* MyMusicBook.xcdatamodel */;
			path = MyMusicBook.xcdatamodeld;
			sourceTree = "<group>";
			versionGroupType = wrapper.xcdatamodel;
		};
/* End XCVersionGroup section */
	};
	rootObject = CA00914223D4672D00142E9B /* Project object */;
}
